
Microsoft Visual Studio Solution File, Format Version 12.00
# Visual Studio Version 17
VisualStudioVersion = 17.2.32516.85
MinimumVisualStudioVersion = 10.0.40219.1
Project("{FAE04EC0-301F-11D3-BF4B-00C04F79EFBC}") = "Excel2Any.Core", "Excel2Any.Core\Excel2Any.Core.csproj", "{F9E46E7A-8148-4E4E-A717-AC36868A8F70}"
EndProject
Project("{FAE04EC0-301F-11D3-BF4B-00C04F79EFBC}") = "Excel2Any.Winform", "Excel2Any.Winform\Excel2Any.Winform.csproj", "{F869D30C-CCFD-4DBD-AF67-C9E1DE0AE39F}"
EndProject
Global
	GlobalSection(SolutionConfigurationPlatforms) = preSolution
		Debug|Any CPU = Debug|Any CPU
		Release|Any CPU = Release|Any CPU
	EndGlobalSection
	GlobalSection(ProjectConfigurationPlatforms) = postSolution
		{F9E46E7A-8148-4E4E-A717-AC36868A8F70}.Debug|Any CPU.ActiveCfg = Debug|Any CPU
		{F9E46E7A-8148-4E4E-A717-AC36868A8F70}.Debug|Any CPU.Build.0 = Debug|Any CPU
		{F9E46E7A-8148-4E4E-A717-AC36868A8F70}.Release|Any CPU.ActiveCfg = Release|Any CPU
		{F9E46E7A-8148-4E4E-A717-AC36868A8F70}.Release|Any CPU.Build.0 = Release|Any CPU
		{F869D30C-CCFD-4DBD-AF67-C9E1DE0AE39F}.Debug|Any CPU.ActiveCfg = Debug|Any CPU
		{F869D30C-CCFD-4DBD-AF67-C9E1DE0AE39F}.Debug|Any CPU.Build.0 = Debug|Any CPU
		{F869D30C-CCFD-4DBD-AF67-C9E1DE0AE39F}.Release|Any CPU.ActiveCfg = Release|Any CPU
		{F869D30C-CCFD-4DBD-AF67-C9E1DE0AE39F}.Release|Any CPU.Build.0 = Release|Any CPU
	EndGlobalSection
	GlobalSection(SolutionProperties) = preSolution
		HideSolutionNode = FALSE
	EndGlobalSection
	GlobalSection(ExtensibilityGlobals) = postSolution
		SolutionGuid = {F16A02CB-0031-419C-9A04-AE836FE4C2ED}
	EndGlobalSection
EndGlobal
